
Microsoft Visual Studio Solution File, Format Version 12.00
# Visual Studio Version 16
VisualStudioVersion = 16.0.30711.63
MinimumVisualStudioVersion = 10.0.40219.1
Project("{9A19103F-16F7-4668-BE54-9A1E7A4F7556}") = "Skewly.WebApp", "Skewly.WebApp\Skewly.WebApp.csproj", "{11034FB3-6E30-4B50-9C00-A7B7ECB21F3B}"
EndProject
Project("{9A19103F-16F7-4668-BE54-9A1E7A4F7556}") = "Skewtech.Common", "Skewly.Common\Skewtech.Common.csproj", "{D7AD4C86-F293-4971-B3D7-35F8BB51EF83}"
EndProject
Project("{9A19103F-16F7-4668-BE54-9A1E7A4F7556}") = "Skewtech.Common.Tests", "Skewly.Common.Tests\Skewtech.Common.Tests.csproj", "{CAE08E29-7832-426E-9097-432CCD1305DC}"
EndProject
Project("{FAE04EC0-301F-11D3-BF4B-00C04F79EFBC}") = "Skewly.Providers.elasticsearch", "Skewly.Providers.elasticsearch\Skewly.Providers.elasticsearch.csproj", "{4D2EA353-EEE6-4AB3-9979-E00C8B3D8163}"
EndProject
Global
	GlobalSection(SolutionConfigurationPlatforms) = preSolution
		Debug|Any CPU = Debug|Any CPU
		Release|Any CPU = Release|Any CPU
	EndGlobalSection
	GlobalSection(ProjectConfigurationPlatforms) = postSolution
		{11034FB3-6E30-4B50-9C00-A7B7ECB21F3B}.Debug|Any CPU.ActiveCfg = Debug|Any CPU
		{11034FB3-6E30-4B50-9C00-A7B7ECB21F3B}.Debug|Any CPU.Build.0 = Debug|Any CPU
		{11034FB3-6E30-4B50-9C00-A7B7ECB21F3B}.Release|Any CPU.ActiveCfg = Release|Any CPU
		{11034FB3-6E30-4B50-9C00-A7B7ECB21F3B}.Release|Any CPU.Build.0 = Release|Any CPU
		{D7AD4C86-F293-4971-B3D7-35F8BB51EF83}.Debug|Any CPU.ActiveCfg = Debug|Any CPU
		{D7AD4C86-F293-4971-B3D7-35F8BB51EF83}.Debug|Any CPU.Build.0 = Debug|Any CPU
		{D7AD4C86-F293-4971-B3D7-35F8BB51EF83}.Release|Any CPU.ActiveCfg = Release|Any CPU
		{D7AD4C86-F293-4971-B3D7-35F8BB51EF83}.Release|Any CPU.Build.0 = Release|Any CPU
		{CAE08E29-7832-426E-9097-432CCD1305DC}.Debug|Any CPU.ActiveCfg = Debug|Any CPU
		{CAE08E29-7832-426E-9097-432CCD1305DC}.Debug|Any CPU.Build.0 = Debug|Any CPU
		{CAE08E29-7832-426E-9097-432CCD1305DC}.Release|Any CPU.ActiveCfg = Release|Any CPU
		{CAE08E29-7832-426E-9097-432CCD1305DC}.Release|Any CPU.Build.0 = Release|Any CPU
		{4D2EA353-EEE6-4AB3-9979-E00C8B3D8163}.Debug|Any CPU.ActiveCfg = Debug|Any CPU
		{4D2EA353-EEE6-4AB3-9979-E00C8B3D8163}.Debug|Any CPU.Build.0 = Debug|Any CPU
		{4D2EA353-EEE6-4AB3-9979-E00C8B3D8163}.Release|Any CPU.ActiveCfg = Release|Any CPU
		{4D2EA353-EEE6-4AB3-9979-E00C8B3D8163}.Release|Any CPU.Build.0 = Release|Any CPU
	EndGlobalSection
	GlobalSection(SolutionProperties) = preSolution
		HideSolutionNode = FALSE
	EndGlobalSection
	GlobalSection(ExtensibilityGlobals) = postSolution
		SolutionGuid = {F67B1E37-01E8-4913-AD74-52262A702244}
	EndGlobalSection
EndGlobal
